
Microsoft Visual Studio Solution File, Format Version 12.00
# Visual Studio 15
VisualStudioVersion = 15.0.28010.2026
MinimumVisualStudioVersion = 10.0.40219.1
Project("{E24C65DC-7377-472B-9ABA-BC803B73C61A}") = "LightedCube_animation", "LightedCube_animation\", "{CCDC66AF-6C65-44F0-B451-9F2D7FF8714E}"
	ProjectSection(WebsiteProperties) = preProject
		TargetFrameworkMoniker = ".NETFramework,Version%3Dv4.6.1"
		Debug.AspNetCompiler.VirtualPath = "/localhost_54807"
		Debug.AspNetCompiler.PhysicalPath = "LightedCube_animation\"
		Debug.AspNetCompiler.TargetPath = "PrecompiledWeb\localhost_54807\"
		Debug.AspNetCompiler.Updateable = "true"
		Debug.AspNetCompiler.ForceOverwrite = "true"
		Debug.AspNetCompiler.FixedNames = "false"
		Debug.AspNetCompiler.Debug = "True"
		Release.AspNetCompiler.VirtualPath = "/localhost_54807"
		Release.AspNetCompiler.PhysicalPath = "LightedCube_animation\"
		Release.AspNetCompiler.TargetPath = "PrecompiledWeb\localhost_54807\"
		Release.AspNetCompiler.Updateable = "true"
		Release.AspNetCompiler.ForceOverwrite = "true"
		Release.AspNetCompiler.FixedNames = "false"
		Release.AspNetCompiler.Debug = "False"
		VWDPort = "54807"
		SlnRelativePath = "LightedCube_animation\"
		DefaultWebSiteLanguage = "Visual C#"
	EndProjectSection
EndProject
Global
	GlobalSection(SolutionConfigurationPlatforms) = preSolution
		Debug|Any CPU = Debug|Any CPU
	EndGlobalSection
	GlobalSection(ProjectConfigurationPlatforms) = postSolution
		{CCDC66AF-6C65-44F0-B451-9F2D7FF8714E}.Debug|Any CPU.ActiveCfg = Debug|Any CPU
		{CCDC66AF-6C65-44F0-B451-9F2D7FF8714E}.Debug|Any CPU.Build.0 = Debug|Any CPU
	EndGlobalSection
	GlobalSection(SolutionProperties) = preSolution
		HideSolutionNode = FALSE
	EndGlobalSection
	GlobalSection(ExtensibilityGlobals) = postSolution
		SolutionGuid = {E9B4BBCA-7D66-4D75-A3E9-E65A49017039}
	EndGlobalSection
EndGlobal
